
Microsoft Visual Studio Solution File, Format Version 12.00
# Visual Studio 15
VisualStudioVersion = 15.0.27428.2011
MinimumVisualStudioVersion = 10.0.40219.1
Project("{FAE04EC0-301F-11D3-BF4B-00C04F79EFBC}") = "AntaresHelpDesk", "AntaresHelpDesk\AntaresHelpDesk.csproj", "{FCDBD288-94C9-4B22-8262-DC031B6BBCCB}"
EndProject
Global
	GlobalSection(SolutionConfigurationPlatforms) = preSolution
		Debug|Any CPU = Debug|Any CPU
		Release|Any CPU = Release|Any CPU
	EndGlobalSection
	GlobalSection(ProjectConfigurationPlatforms) = postSolution
		{FCDBD288-94C9-4B22-8262-DC031B6BBCCB}.Debug|Any CPU.ActiveCfg = Debug|Any CPU
		{FCDBD288-94C9-4B22-8262-DC031B6BBCCB}.Debug|Any CPU.Build.0 = Debug|Any CPU
		{FCDBD288-94C9-4B22-8262-DC031B6BBCCB}.Release|Any CPU.ActiveCfg = Release|Any CPU
		{FCDBD288-94C9-4B22-8262-DC031B6BBCCB}.Release|Any CPU.Build.0 = Release|Any CPU
	EndGlobalSection
	GlobalSection(SolutionProperties) = preSolution
		HideSolutionNode = FALSE
	EndGlobalSection
	GlobalSection(ExtensibilityGlobals) = postSolution
		SolutionGuid = {910BF3C3-DF67-4460-8EBD-D72F9DF74714}
	EndGlobalSection
EndGlobal
