
Microsoft Visual Studio Solution File, Format Version 12.00
# Visual Studio Version 16
VisualStudioVersion = 16.0.29503.13
MinimumVisualStudioVersion = 10.0.40219.1
Project("{9A19103F-16F7-4668-BE54-9A1E7A4F7556}") = "AngularTestApp", "AntaresHelpDesk\AngularTestApp.csproj", "{FCDBD288-94C9-4B22-8262-DC031B6BBCCB}"
EndProject
Global
	GlobalSection(SolutionConfigurationPlatforms) = preSolution
		Debug|Any CPU = Debug|Any CPU
		Release|Any CPU = Release|Any CPU
	EndGlobalSection
	GlobalSection(ProjectConfigurationPlatforms) = postSolution
		{FCDBD288-94C9-4B22-8262-DC031B6BBCCB}.Debug|Any CPU.ActiveCfg = Debug|Any CPU
		{FCDBD288-94C9-4B22-8262-DC031B6BBCCB}.Debug|Any CPU.Build.0 = Debug|Any CPU
		{FCDBD288-94C9-4B22-8262-DC031B6BBCCB}.Release|Any CPU.ActiveCfg = Release|Any CPU
		{FCDBD288-94C9-4B22-8262-DC031B6BBCCB}.Release|Any CPU.Build.0 = Release|Any CPU
	EndGlobalSection
	GlobalSection(SolutionProperties) = preSolution
		HideSolutionNode = FALSE
	EndGlobalSection
	GlobalSection(ExtensibilityGlobals) = postSolution
		SolutionGuid = {910BF3C3-DF67-4460-8EBD-D72F9DF74714}
	EndGlobalSection
EndGlobal
